{
  "name": "cloudbase",
  "version": "1.0.0",
  "lockfileVersion": 3,
  "requires": true,
  "packages": {
    "": {
      "name": "cloudbase",
      "version": "1.0.0",
      "license": "ISC",
      "devDependencies": {
        "@cloudbase/cli": "^2.12.3",
        "dotenv": "^17.3.1"
      }
    },
    "node_modules/@cloudbase/cli": {
      "version": "2.12.3",
      "resolved": "https://registry.npmjs.org/@cloudbase/cli/-/cli-2.12.3.tgz",
      "integrity": "sha512-VPa8gaGJziob//GI25STtBTyYp2BHv6GWir8ZRKc2w0GIj30obXxhzQMReeu3640//uh3P9LdbD4x1o8B4PpGQ==",
      "dev": true,
      "license": "ISC",
      "bin": {
        "cloudbase": "bin/cloudbase",
        "cloudbase-mcp": "bin/cloudbase-mcp",
        "tcb": "bin/tcb"
      }
    },
    "node_modules/dotenv": {
      "version": "17.3.1",
      "resolved": "https://registry.npmjs.org/dotenv/-/dotenv-17.3.1.tgz",
      "integrity": "sha512-IO8C/dzEb6O3F9/twg6ZLXz164a2fhTnEWb95H23Dm4OuN+92NmEAlTrupP9VW6Jm3sO26tQlqyvyi4CsnY9GA==",
      "dev": true,
      "license": "BSD-2-Clause",
      "engines": {
        "node": ">=12"
      },
      "funding": {
        "url": "https://dotenvx.com"
      }
    }
  }
}
